{
  "name": "static",
  "version": "1.0.0",
  "lockfileVersion": 1,
  "requires": true,
  "dependencies": {
    "chalk": {
      "version": "http://registry.npm.taobao.org/chalk/download/chalk-2.4.1.tgz",
      "dev": true,
      "requires": {
        "ansi-styles": "^3.2.1",
        "escape-string-regexp": "^1.0.5",
        "supports-color": "^5.3.0"
      },
      "dependencies": {
        "ansi-styles": {
          "version": "3.2.1",
          "bundled": true,
          "dev": true,
          "requires": {
            "color-convert": "^1.9.0"
          },
          "dependencies": {
            "color-convert": {
              "version": "1.9.2",
              "bundled": true,
              "dev": true,
              "requires": {
                "color-name": "1.1.1"
              },
              "dependencies": {
                "color-name": {
                  "version": "1.1.1",
                  "bundled": true,
                  "dev": true
                }
              }
            }
          }
        },
        "escape-string-regexp": {
          "version": "1.0.5",
          "bundled": true,
          "dev": true
        },
        "supports-color": {
          "version": "5.4.0",
          "bundled": true,
          "dev": true,
          "requires": {
            "has-flag": "^3.0.0"
          },
          "dependencies": {
            "has-flag": {
              "version": "3.0.0",
              "bundled": true,
              "dev": true
            }
          }
        }
      }
    },
    "debug": {
      "version": "http://registry.npm.taobao.org/debug/download/debug-3.1.0.tgz",
      "dev": true,
      "requires": {
        "ms": "2.0.0"
      },
      "dependencies": {
        "ms": {
          "version": "2.0.0",
          "bundled": true,
          "dev": true
        }
      }
    },
    "handlebars": {
      "version": "http://registry.npm.taobao.org/handlebars/download/handlebars-4.0.11.tgz",
      "requires": {
        "async": "^1.4.0",
        "optimist": "^0.6.1",
        "source-map": "^0.4.4",
        "uglify-js": "^2.6"
      },
      "dependencies": {
        "async": {
          "version": "1.5.2",
          "bundled": true
        },
        "optimist": {
          "version": "0.6.1",
          "bundled": true,
          "requires": {
            "minimist": "~0.0.1",
            "wordwrap": "~0.0.2"
          },
          "dependencies": {
            "minimist": {
              "version": "0.0.10",
              "bundled": true
            },
            "wordwrap": {
              "version": "0.0.3",
              "bundled": true
            }
          }
        },
        "source-map": {
          "version": "0.4.4",
          "bundled": true,
          "requires": {
            "amdefine": ">=0.0.4"
          },
          "dependencies": {
            "amdefine": {
              "version": "1.0.1",
              "bundled": true
            }
          }
        },
        "uglify-js": {
          "version": "2.8.29",
          "bundled": true,
          "optional": true,
          "requires": {
            "source-map": "~0.5.1",
            "uglify-to-browserify": "~1.0.0",
            "yargs": "~3.10.0"
          },
          "dependencies": {
            "align-text": {
              "version": "0.1.4",
              "bundled": true,
              "requires": {
                "kind-of": "^3.0.2",
                "longest": "^1.0.1",
                "repeat-string": "^1.5.2"
              }
            },
            "camelcase": {
              "version": "1.2.1",
              "bundled": true,
              "optional": true
            },
            "center-align": {
              "version": "0.1.3",
              "bundled": true,
              "optional": true,
              "requires": {
                "align-text": "^0.1.3",
                "lazy-cache": "^1.0.3"
              }
            },
            "cliui": {
              "version": "2.1.0",
              "bundled": true,
              "optional": true,
              "requires": {
                "center-align": "^0.1.1",
                "right-align": "^0.1.1",
                "wordwrap": "0.0.2"
              }
            },
            "decamelize": {
              "version": "1.2.0",
              "bundled": true,
              "optional": true
            },
            "is-buffer": {
              "version": "1.1.6",
              "bundled": true
            },
            "kind-of": {
              "version": "3.2.2",
              "bundled": true,
              "requires": {
                "is-buffer": "^1.1.5"
              }
            },
            "lazy-cache": {
              "version": "1.0.4",
              "bundled": true,
              "optional": true
            },
            "longest": {
              "version": "1.0.1",
              "bundled": true
            },
            "repeat-string": {
              "version": "1.6.1",
              "bundled": true
            },
            "right-align": {
              "version": "0.1.3",
              "bundled": true,
              "optional": true,
              "requires": {
                "align-text": "^0.1.1"
              }
            },
            "source-map": {
              "version": "0.5.7",
              "bundled": true,
              "optional": true
            },
            "uglify-to-browserify": {
              "version": "1.0.2",
              "bundled": true,
              "optional": true
            },
            "window-size": {
              "version": "0.1.0",
              "bundled": true,
              "optional": true
            },
            "wordwrap": {
              "version": "0.0.2",
              "bundled": true,
              "optional": true
            },
            "yargs": {
              "version": "3.10.0",
              "bundled": true,
              "optional": true,
              "requires": {
                "camelcase": "^1.0.2",
                "cliui": "^2.1.0",
                "decamelize": "^1.0.0",
                "window-size": "0.1.0"
              }
            }
          }
        }
      }
    },
    "mime": {
      "version": "http://registry.npm.taobao.org/mime/download/mime-2.3.1.tgz",
      "dev": true
    }
  }
}
